Microsoft Visual Studio Solution File, Format Version 12.00
# Visual Studio Version 17
VisualStudioVersion = 17.0.31903.59
MinimumVisualStudioVersion = 10.0.40219.1
Project("{9A19103F-16F7-4668-BE54-9A1E7A4F7556}") = "YasPortal.Domain", "src\YasPortal.Domain\YasPortal.Domain.csproj", "{7B4A5D6E-1A2B-4C3D-8E9F-102030405060}"
EndProject
Project("{9A19103F-16F7-4668-BE54-9A1E7A4F7556}") = "YasPortal.Application", "src\YasPortal.Application\YasPortal.Application.csproj", "{8C5B6E7F-2B3C-4D4E-9F10-213141516171}"
EndProject
Project("{9A19103F-16F7-4668-BE54-9A1E7A4F7556}") = "YasPortal.Infrastructure", "src\YasPortal.Infrastructure\YasPortal.Infrastructure.csproj", "{9D6C7F80-3C4D-4E5F-A011-324252627281}"
EndProject
Project("{9A19103F-16F7-4668-BE54-9A1E7A4F7556}") = "YasPortal.Web", "src\YasPortal.Web\YasPortal.Web.csproj", "{AE7D8091-4D5E-4F60-B122-435363738291}"
EndProject
Project("{9A19103F-16F7-4668-BE54-9A1E7A4F7556}") = "YasPortal.Tests", "tests\YasPortal.Tests\YasPortal.Tests.csproj", "{BF8E91A2-5E6F-4071-C233-5464748493A2}"
EndProject
Global
	GlobalSection(SolutionConfigurationPlatforms) = preSolution
		Debug|Any CPU = Debug|Any CPU
		Release|Any CPU = Release|Any CPU
	EndGlobalSection
	GlobalSection(ProjectConfigurationPlatforms) = postSolution
		{7B4A5D6E-1A2B-4C3D-8E9F-102030405060}.Debug|Any CPU.ActiveCfg = Debug|Any CPU
		{7B4A5D6E-1A2B-4C3D-8E9F-102030405060}.Debug|Any CPU.Build.0 = Debug|Any CPU
		{7B4A5D6E-1A2B-4C3D-8E9F-102030405060}.Release|Any CPU.ActiveCfg = Release|Any CPU
		{7B4A5D6E-1A2B-4C3D-8E9F-102030405060}.Release|Any CPU.Build.0 = Release|Any CPU
		{8C5B6E7F-2B3C-4D4E-9F10-213141516171}.Debug|Any CPU.ActiveCfg = Debug|Any CPU
		{8C5B6E7F-2B3C-4D4E-9F10-213141516171}.Debug|Any CPU.Build.0 = Debug|Any CPU
		{8C5B6E7F-2B3C-4D4E-9F10-213141516171}.Release|Any CPU.ActiveCfg = Release|Any CPU
		{8C5B6E7F-2B3C-4D4E-9F10-213141516171}.Release|Any CPU.Build.0 = Release|Any CPU
		{9D6C7F80-3C4D-4E5F-A011-324252627281}.Debug|Any CPU.ActiveCfg = Debug|Any CPU
		{9D6C7F80-3C4D-4E5F-A011-324252627281}.Debug|Any CPU.Build.0 = Debug|Any CPU
		{9D6C7F80-3C4D-4E5F-A011-324252627281}.Release|Any CPU.ActiveCfg = Release|Any CPU
		{9D6C7F80-3C4D-4E5F-A011-324252627281}.Release|Any CPU.Build.0 = Release|Any CPU
		{AE7D8091-4D5E-4F60-B122-435363738291}.Debug|Any CPU.ActiveCfg = Debug|Any CPU
		{AE7D8091-4D5E-4F60-B122-435363738291}.Debug|Any CPU.Build.0 = Debug|Any CPU
		{AE7D8091-4D5E-4F60-B122-435363738291}.Release|Any CPU.ActiveCfg = Release|Any CPU
		{AE7D8091-4D5E-4F60-B122-435363738291}.Release|Any CPU.Build.0 = Release|Any CPU
		{BF8E91A2-5E6F-4071-C233-5464748493A2}.Debug|Any CPU.ActiveCfg = Debug|Any CPU
		{BF8E91A2-5E6F-4071-C233-5464748493A2}.Debug|Any CPU.Build.0 = Debug|Any CPU
		{BF8E91A2-5E6F-4071-C233-5464748493A2}.Release|Any CPU.ActiveCfg = Release|Any CPU
		{BF8E91A2-5E6F-4071-C233-5464748493A2}.Release|Any CPU.Build.0 = Release|Any CPU
	EndGlobalSection
EndGlobal
